
Microsoft Visual Studio Solution File, Format Version 12.00
# Visual Studio 2013
VisualStudioVersion = 12.0.30324.0
MinimumVisualStudioVersion = 10.0.40219.1
Project("{FAE04EC0-301F-11D3-BF4B-00C04F79EFBC}") = "XamarinLocalfile.WPF", "XamarinLocalfile.WPF\XamarinLocalfile.WPF.csproj", "{B62870BE-786F-499E-8B9C-C854FEF37AB4}"
EndProject
Project("{FAE04EC0-301F-11D3-BF4B-00C04F79EFBC}") = "XamarinLocalfile.Core", "XamarinLocalfile.Core\XamarinLocalfile.Core.csproj", "{11E3B356-5CE0-44A7-9777-8DF478E528F8}"
EndProject
Project("{FAE04EC0-301F-11D3-BF4B-00C04F79EFBC}") = "XamarinLocalfile.Win8", "XamarinLocalfile.Win8\XamarinLocalfile.Win8.csproj", "{1249EC58-E972-4FE2-A537-72636E53892E}"
EndProject
Project("{FAE04EC0-301F-11D3-BF4B-00C04F79EFBC}") = "XamainLocalfile.Android", "XamainLocalfile.Android\XamainLocalfile.Android.csproj", "{F6947819-31C7-4BC5-9100-9D96C8ECB5D8}"
EndProject
Project("{FAE04EC0-301F-11D3-BF4B-00C04F79EFBC}") = "XamarinLoaclfile.iOS", "XamarinLoaclfile.iOS\XamarinLoaclfile.iOS.csproj", "{A50AA27A-80CD-41F3-A04C-1388B12C1E36}"
EndProject
Global
	GlobalSection(SolutionConfigurationPlatforms) = preSolution
		Ad-Hoc|Any CPU = Ad-Hoc|Any CPU
		Ad-Hoc|ARM = Ad-Hoc|ARM
		Ad-Hoc|iPhone = Ad-Hoc|iPhone
		Ad-Hoc|iPhoneSimulator = Ad-Hoc|iPhoneSimulator
		Ad-Hoc|Mixed Platforms = Ad-Hoc|Mixed Platforms
		Ad-Hoc|x64 = Ad-Hoc|x64
		Ad-Hoc|x86 = Ad-Hoc|x86
		AppStore|Any CPU = AppStore|Any CPU
		AppStore|ARM = AppStore|ARM
		AppStore|iPhone = AppStore|iPhone
		AppStore|iPhoneSimulator = AppStore|iPhoneSimulator
		AppStore|Mixed Platforms = AppStore|Mixed Platforms
		AppStore|x64 = AppStore|x64
		AppStore|x86 = AppStore|x86
		Debug|Any CPU = Debug|Any CPU
		Debug|ARM = Debug|ARM
		Debug|iPhone = Debug|iPhone
		Debug|iPhoneSimulator = Debug|iPhoneSimulator
		Debug|Mixed Platforms = Debug|Mixed Platforms
		Debug|x64 = Debug|x64
		Debug|x86 = Debug|x86
		Release|Any CPU = Release|Any CPU
		Release|ARM = Release|ARM
		Release|iPhone = Release|iPhone
		Release|iPhoneSimulator = Release|iPhoneSimulator
		Release|Mixed Platforms = Release|Mixed Platforms
		Release|x64 = Release|x64
		Release|x86 = Release|x86
	EndGlobalSection
	GlobalSection(ProjectConfigurationPlatforms) = postSolution
		{B62870BE-786F-499E-8B9C-C854FEF37AB4}.Ad-Hoc|Any CPU.ActiveCfg = Release|Any CPU
		{B62870BE-786F-499E-8B9C-C854FEF37AB4}.Ad-Hoc|Any CPU.Build.0 = Release|Any CPU
		{B62870BE-786F-499E-8B9C-C854FEF37AB4}.Ad-Hoc|ARM.ActiveCfg = Release|Any CPU
		{B62870BE-786F-499E-8B9C-C854FEF37AB4}.Ad-Hoc|iPhone.ActiveCfg = Release|Any CPU
		{B62870BE-786F-499E-8B9C-C854FEF37AB4}.Ad-Hoc|iPhoneSimulator.ActiveCfg = Release|Any CPU
		{B62870BE-786F-499E-8B9C-C854FEF37AB4}.Ad-Hoc|Mixed Platforms.ActiveCfg = Release|Any CPU
		{B62870BE-786F-499E-8B9C-C854FEF37AB4}.Ad-Hoc|Mixed Platforms.Build.0 = Release|Any CPU
		{B62870BE-786F-499E-8B9C-C854FEF37AB4}.Ad-Hoc|x64.ActiveCfg = Release|Any CPU
		{B62870BE-786F-499E-8B9C-C854FEF37AB4}.Ad-Hoc|x86.ActiveCfg = Release|Any CPU
		{B62870BE-786F-499E-8B9C-C854FEF37AB4}.AppStore|Any CPU.ActiveCfg = Release|Any CPU
		{B62870BE-786F-499E-8B9C-C854FEF37AB4}.AppStore|Any CPU.Build.0 = Release|Any CPU
		{B62870BE-786F-499E-8B9C-C854FEF37AB4}.AppStore|ARM.ActiveCfg = Release|Any CPU
		{B62870BE-786F-499E-8B9C-C854FEF37AB4}.AppStore|iPhone.ActiveCfg = Release|Any CPU
		{B62870BE-786F-499E-8B9C-C854FEF37AB4}.AppStore|iPhoneSimulator.ActiveCfg = Release|Any CPU
		{B62870BE-786F-499E-8B9C-C854FEF37AB4}.AppStore|Mixed Platforms.ActiveCfg = Release|Any CPU
		{B62870BE-786F-499E-8B9C-C854FEF37AB4}.AppStore|Mixed Platforms.Build.0 = Release|Any CPU
		{B62870BE-786F-499E-8B9C-C854FEF37AB4}.AppStore|x64.ActiveCfg = Release|Any CPU
		{B62870BE-786F-499E-8B9C-C854FEF37AB4}.AppStore|x86.ActiveCfg = Release|Any CPU
		{B62870BE-786F-499E-8B9C-C854FEF37AB4}.Debug|Any CPU.ActiveCfg = Debug|Any CPU
		{B62870BE-786F-499E-8B9C-C854FEF37AB4}.Debug|Any CPU.Build.0 = Debug|Any CPU
		{B62870BE-786F-499E-8B9C-C854FEF37AB4}.Debug|ARM.ActiveCfg = Debug|Any CPU
		{B62870BE-786F-499E-8B9C-C854FEF37AB4}.Debug|iPhone.ActiveCfg = Debug|Any CPU
		{B62870BE-786F-499E-8B9C-C854FEF37AB4}.Debug|iPhoneSimulator.ActiveCfg = Debug|Any CPU
		{B62870BE-786F-499E-8B9C-C854FEF37AB4}.Debug|Mixed Platforms.ActiveCfg = Debug|Any CPU
		{B62870BE-786F-499E-8B9C-C854FEF37AB4}.Debug|Mixed Platforms.Build.0 = Debug|Any CPU
		{B62870BE-786F-499E-8B9C-C854FEF37AB4}.Debug|x64.ActiveCfg = Debug|Any CPU
		{B62870BE-786F-499E-8B9C-C854FEF37AB4}.Debug|x86.ActiveCfg = Debug|Any CPU
		{B62870BE-786F-499E-8B9C-C854FEF37AB4}.Release|Any CPU.ActiveCfg = Release|Any CPU
		{B62870BE-786F-499E-8B9C-C854FEF37AB4}.Release|Any CPU.Build.0 = Release|Any CPU
		{B62870BE-786F-499E-8B9C-C854FEF37AB4}.Release|ARM.ActiveCfg = Release|Any CPU
		{B62870BE-786F-499E-8B9C-C854FEF37AB4}.Release|iPhone.ActiveCfg = Release|Any CPU
		{B62870BE-786F-499E-8B9C-C854FEF37AB4}.Release|iPhoneSimulator.ActiveCfg = Release|Any CPU
		{B62870BE-786F-499E-8B9C-C854FEF37AB4}.Release|Mixed Platforms.ActiveCfg = Release|Any CPU
		{B62870BE-786F-499E-8B9C-C854FEF37AB4}.Release|Mixed Platforms.Build.0 = Release|Any CPU
		{B62870BE-786F-499E-8B9C-C854FEF37AB4}.Release|x64.ActiveCfg = Release|Any CPU
		{B62870BE-786F-499E-8B9C-C854FEF37AB4}.Release|x86.ActiveCfg = Release|Any CPU
		{11E3B356-5CE0-44A7-9777-8DF478E528F8}.Ad-Hoc|Any CPU.ActiveCfg = Release|Any CPU
		{11E3B356-5CE0-44A7-9777-8DF478E528F8}.Ad-Hoc|Any CPU.Build.0 = Release|Any CPU
		{11E3B356-5CE0-44A7-9777-8DF478E528F8}.Ad-Hoc|ARM.ActiveCfg = Release|Any CPU
		{11E3B356-5CE0-44A7-9777-8DF478E528F8}.Ad-Hoc|iPhone.ActiveCfg = Release|Any CPU
		{11E3B356-5CE0-44A7-9777-8DF478E528F8}.Ad-Hoc|iPhoneSimulator.ActiveCfg = Release|Any CPU
		{11E3B356-5CE0-44A7-9777-8DF478E528F8}.Ad-Hoc|Mixed Platforms.ActiveCfg = Release|Any CPU
		{11E3B356-5CE0-44A7-9777-8DF478E528F8}.Ad-Hoc|Mixed Platforms.Build.0 = Release|Any CPU
		{11E3B356-5CE0-44A7-9777-8DF478E528F8}.Ad-Hoc|x64.ActiveCfg = Release|Any CPU
		{11E3B356-5CE0-44A7-9777-8DF478E528F8}.Ad-Hoc|x86.ActiveCfg = Release|Any CPU
		{11E3B356-5CE0-44A7-9777-8DF478E528F8}.AppStore|Any CPU.ActiveCfg = Release|Any CPU
		{11E3B356-5CE0-44A7-9777-8DF478E528F8}.AppStore|Any CPU.Build.0 = Release|Any CPU
		{11E3B356-5CE0-44A7-9777-8DF478E528F8}.AppStore|ARM.ActiveCfg = Release|Any CPU
		{11E3B356-5CE0-44A7-9777-8DF478E528F8}.AppStore|iPhone.ActiveCfg = Release|Any CPU
		{11E3B356-5CE0-44A7-9777-8DF478E528F8}.AppStore|iPhoneSimulator.ActiveCfg = Release|Any CPU
		{11E3B356-5CE0-44A7-9777-8DF478E528F8}.AppStore|Mixed Platforms.ActiveCfg = Release|Any CPU
		{11E3B356-5CE0-44A7-9777-8DF478E528F8}.AppStore|Mixed Platforms.Build.0 = Release|Any CPU
		{11E3B356-5CE0-44A7-9777-8DF478E528F8}.AppStore|x64.ActiveCfg = Release|Any CPU
		{11E3B356-5CE0-44A7-9777-8DF478E528F8}.AppStore|x86.ActiveCfg = Release|Any CPU
		{11E3B356-5CE0-44A7-9777-8DF478E528F8}.Debug|Any CPU.ActiveCfg = Debug|Any CPU
		{11E3B356-5CE0-44A7-9777-8DF478E528F8}.Debug|Any CPU.Build.0 = Debug|Any CPU
		{11E3B356-5CE0-44A7-9777-8DF478E528F8}.Debug|ARM.ActiveCfg = Debug|Any CPU
		{11E3B356-5CE0-44A7-9777-8DF478E528F8}.Debug|iPhone.ActiveCfg = Debug|Any CPU
		{11E3B356-5CE0-44A7-9777-8DF478E528F8}.Debug|iPhoneSimulator.ActiveCfg = Debug|Any CPU
		{11E3B356-5CE0-44A7-9777-8DF478E528F8}.Debug|Mixed Platforms.ActiveCfg = Debug|Any CPU
		{11E3B356-5CE0-44A7-9777-8DF478E528F8}.Debug|Mixed Platforms.Build.0 = Debug|Any CPU
		{11E3B356-5CE0-44A7-9777-8DF478E528F8}.Debug|x64.ActiveCfg = Debug|Any CPU
		{11E3B356-5CE0-44A7-9777-8DF478E528F8}.Debug|x86.ActiveCfg = Debug|Any CPU
		{11E3B356-5CE0-44A7-9777-8DF478E528F8}.Release|Any CPU.ActiveCfg = Release|Any CPU
		{11E3B356-5CE0-44A7-9777-8DF478E528F8}.Release|Any CPU.Build.0 = Release|Any CPU
		{11E3B356-5CE0-44A7-9777-8DF478E528F8}.Release|ARM.ActiveCfg = Release|Any CPU
		{11E3B356-5CE0-44A7-9777-8DF478E528F8}.Release|iPhone.ActiveCfg = Release|Any CPU
		{11E3B356-5CE0-44A7-9777-8DF478E528F8}.Release|iPhoneSimulator.ActiveCfg = Release|Any CPU
		{11E3B356-5CE0-44A7-9777-8DF478E528F8}.Release|Mixed Platforms.ActiveCfg = Release|Any CPU
		{11E3B356-5CE0-44A7-9777-8DF478E528F8}.Release|Mixed Platforms.Build.0 = Release|Any CPU
		{11E3B356-5CE0-44A7-9777-8DF478E528F8}.Release|x64.ActiveCfg = Release|Any CPU
		{11E3B356-5CE0-44A7-9777-8DF478E528F8}.Release|x86.ActiveCfg = Release|Any CPU
		{1249EC58-E972-4FE2-A537-72636E53892E}.Ad-Hoc|Any CPU.ActiveCfg = Release|Any CPU
		{1249EC58-E972-4FE2-A537-72636E53892E}.Ad-Hoc|Any CPU.Build.0 = Release|Any CPU
		{1249EC58-E972-4FE2-A537-72636E53892E}.Ad-Hoc|Any CPU.Deploy.0 = Release|Any CPU
		{1249EC58-E972-4FE2-A537-72636E53892E}.Ad-Hoc|ARM.ActiveCfg = Release|ARM
		{1249EC58-E972-4FE2-A537-72636E53892E}.Ad-Hoc|ARM.Build.0 = Release|ARM
		{1249EC58-E972-4FE2-A537-72636E53892E}.Ad-Hoc|ARM.Deploy.0 = Release|ARM
		{1249EC58-E972-4FE2-A537-72636E53892E}.Ad-Hoc|iPhone.ActiveCfg = Release|Any CPU
		{1249EC58-E972-4FE2-A537-72636E53892E}.Ad-Hoc|iPhoneSimulator.ActiveCfg = Release|Any CPU
		{1249EC58-E972-4FE2-A537-72636E53892E}.Ad-Hoc|Mixed Platforms.ActiveCfg = Release|x86
		{1249EC58-E972-4FE2-A537-72636E53892E}.Ad-Hoc|Mixed Platforms.Build.0 = Release|x86
		{1249EC58-E972-4FE2-A537-72636E53892E}.Ad-Hoc|Mixed Platforms.Deploy.0 = Release|x86
		{1249EC58-E972-4FE2-A537-72636E53892E}.Ad-Hoc|x64.ActiveCfg = Release|x64
		{1249EC58-E972-4FE2-A537-72636E53892E}.Ad-Hoc|x64.Build.0 = Release|x64
		{1249EC58-E972-4FE2-A537-72636E53892E}.Ad-Hoc|x64.Deploy.0 = Release|x64
		{1249EC58-E972-4FE2-A537-72636E53892E}.Ad-Hoc|x86.ActiveCfg = Release|x86
		{1249EC58-E972-4FE2-A537-72636E53892E}.Ad-Hoc|x86.Build.0 = Release|x86
		{1249EC58-E972-4FE2-A537-72636E53892E}.Ad-Hoc|x86.Deploy.0 = Release|x86
		{1249EC58-E972-4FE2-A537-72636E53892E}.AppStore|Any CPU.ActiveCfg = Release|Any CPU
		{1249EC58-E972-4FE2-A537-72636E53892E}.AppStore|Any CPU.Build.0 = Release|Any CPU
		{1249EC58-E972-4FE2-A537-72636E53892E}.AppStore|Any CPU.Deploy.0 = Release|Any CPU
		{1249EC58-E972-4FE2-A537-72636E53892E}.AppStore|ARM.ActiveCfg = Release|ARM
		{1249EC58-E972-4FE2-A537-72636E53892E}.AppStore|ARM.Build.0 = Release|ARM
		{1249EC58-E972-4FE2-A537-72636E53892E}.AppStore|ARM.Deploy.0 = Release|ARM
		{1249EC58-E972-4FE2-A537-72636E53892E}.AppStore|iPhone.ActiveCfg = Release|Any CPU
		{1249EC58-E972-4FE2-A537-72636E53892E}.AppStore|iPhoneSimulator.ActiveCfg = Release|Any CPU
		{1249EC58-E972-4FE2-A537-72636E53892E}.AppStore|Mixed Platforms.ActiveCfg = Release|x86
		{1249EC58-E972-4FE2-A537-72636E53892E}.AppStore|Mixed Platforms.Build.0 = Release|x86
		{1249EC58-E972-4FE2-A537-72636E53892E}.AppStore|Mixed Platforms.Deploy.0 = Release|x86
		{1249EC58-E972-4FE2-A537-72636E53892E}.AppStore|x64.ActiveCfg = Release|x64
		{1249EC58-E972-4FE2-A537-72636E53892E}.AppStore|x64.Build.0 = Release|x64
		{1249EC58-E972-4FE2-A537-72636E53892E}.AppStore|x64.Deploy.0 = Release|x64
		{1249EC58-E972-4FE2-A537-72636E53892E}.AppStore|x86.ActiveCfg = Release|x86
		{1249EC58-E972-4FE2-A537-72636E53892E}.AppStore|x86.Build.0 = Release|x86
		{1249EC58-E972-4FE2-A537-72636E53892E}.AppStore|x86.Deploy.0 = Release|x86
		{1249EC58-E972-4FE2-A537-72636E53892E}.Debug|Any CPU.ActiveCfg = Debug|Any CPU
		{1249EC58-E972-4FE2-A537-72636E53892E}.Debug|Any CPU.Build.0 = Debug|Any CPU
		{1249EC58-E972-4FE2-A537-72636E53892E}.Debug|Any CPU.Deploy.0 = Debug|Any CPU
		{1249EC58-E972-4FE2-A537-72636E53892E}.Debug|ARM.ActiveCfg = Debug|ARM
		{1249EC58-E972-4FE2-A537-72636E53892E}.Debug|ARM.Build.0 = Debug|ARM
		{1249EC58-E972-4FE2-A537-72636E53892E}.Debug|ARM.Deploy.0 = Debug|ARM
		{1249EC58-E972-4FE2-A537-72636E53892E}.Debug|iPhone.ActiveCfg = Debug|Any CPU
		{1249EC58-E972-4FE2-A537-72636E53892E}.Debug|iPhoneSimulator.ActiveCfg = Debug|Any CPU
		{1249EC58-E972-4FE2-A537-72636E53892E}.Debug|Mixed Platforms.ActiveCfg = Debug|x86
		{1249EC58-E972-4FE2-A537-72636E53892E}.Debug|Mixed Platforms.Build.0 = Debug|x86
		{1249EC58-E972-4FE2-A537-72636E53892E}.Debug|Mixed Platforms.Deploy.0 = Debug|x86
		{1249EC58-E972-4FE2-A537-72636E53892E}.Debug|x64.ActiveCfg = Debug|x64
		{1249EC58-E972-4FE2-A537-72636E53892E}.Debug|x64.Build.0 = Debug|x64
		{1249EC58-E972-4FE2-A537-72636E53892E}.Debug|x64.Deploy.0 = Debug|x64
		{1249EC58-E972-4FE2-A537-72636E53892E}.Debug|x86.ActiveCfg = Debug|x86
		{1249EC58-E972-4FE2-A537-72636E53892E}.Debug|x86.Build.0 = Debug|x86
		{1249EC58-E972-4FE2-A537-72636E53892E}.Debug|x86.Deploy.0 = Debug|x86
		{1249EC58-E972-4FE2-A537-72636E53892E}.Release|Any CPU.ActiveCfg = Release|Any CPU
		{1249EC58-E972-4FE2-A537-72636E53892E}.Release|Any CPU.Build.0 = Release|Any CPU
		{1249EC58-E972-4FE2-A537-72636E53892E}.Release|Any CPU.Deploy.0 = Release|Any CPU
		{1249EC58-E972-4FE2-A537-72636E53892E}.Release|ARM.ActiveCfg = Release|ARM
		{1249EC58-E972-4FE2-A537-72636E53892E}.Release|ARM.Build.0 = Release|ARM
		{1249EC58-E972-4FE2-A537-72636E53892E}.Release|ARM.Deploy.0 = Release|ARM
		{1249EC58-E972-4FE2-A537-72636E53892E}.Release|iPhone.ActiveCfg = Release|Any CPU
		{1249EC58-E972-4FE2-A537-72636E53892E}.Release|iPhoneSimulator.ActiveCfg = Release|Any CPU
		{1249EC58-E972-4FE2-A537-72636E53892E}.Release|Mixed Platforms.ActiveCfg = Release|x86
		{1249EC58-E972-4FE2-A537-72636E53892E}.Release|Mixed Platforms.Build.0 = Release|x86
		{1249EC58-E972-4FE2-A537-72636E53892E}.Release|Mixed Platforms.Deploy.0 = Release|x86
		{1249EC58-E972-4FE2-A537-72636E53892E}.Release|x64.ActiveCfg = Release|x64
		{1249EC58-E972-4FE2-A537-72636E53892E}.Release|x64.Build.0 = Release|x64
		{1249EC58-E972-4FE2-A537-72636E53892E}.Release|x64.Deploy.0 = Release|x64
		{1249EC58-E972-4FE2-A537-72636E53892E}.Release|x86.ActiveCfg = Release|x86
		{1249EC58-E972-4FE2-A537-72636E53892E}.Release|x86.Build.0 = Release|x86
		{1249EC58-E972-4FE2-A537-72636E53892E}.Release|x86.Deploy.0 = Release|x86
		{F6947819-31C7-4BC5-9100-9D96C8ECB5D8}.Ad-Hoc|Any CPU.ActiveCfg = Release|Any CPU
		{F6947819-31C7-4BC5-9100-9D96C8ECB5D8}.Ad-Hoc|Any CPU.Build.0 = Release|Any CPU
		{F6947819-31C7-4BC5-9100-9D96C8ECB5D8}.Ad-Hoc|Any CPU.Deploy.0 = Release|Any CPU
		{F6947819-31C7-4BC5-9100-9D96C8ECB5D8}.Ad-Hoc|ARM.ActiveCfg = Release|Any CPU
		{F6947819-31C7-4BC5-9100-9D96C8ECB5D8}.Ad-Hoc|iPhone.ActiveCfg = Release|Any CPU
		{F6947819-31C7-4BC5-9100-9D96C8ECB5D8}.Ad-Hoc|iPhoneSimulator.ActiveCfg = Release|Any CPU
		{F6947819-31C7-4BC5-9100-9D96C8ECB5D8}.Ad-Hoc|Mixed Platforms.ActiveCfg = Release|Any CPU
		{F6947819-31C7-4BC5-9100-9D96C8ECB5D8}.Ad-Hoc|Mixed Platforms.Build.0 = Release|Any CPU
		{F6947819-31C7-4BC5-9100-9D96C8ECB5D8}.Ad-Hoc|Mixed Platforms.Deploy.0 = Release|Any CPU
		{F6947819-31C7-4BC5-9100-9D96C8ECB5D8}.Ad-Hoc|x64.ActiveCfg = Release|Any CPU
		{F6947819-31C7-4BC5-9100-9D96C8ECB5D8}.Ad-Hoc|x86.ActiveCfg = Release|Any CPU
		{F6947819-31C7-4BC5-9100-9D96C8ECB5D8}.AppStore|Any CPU.ActiveCfg = Release|Any CPU
		{F6947819-31C7-4BC5-9100-9D96C8ECB5D8}.AppStore|Any CPU.Build.0 = Release|Any CPU
		{F6947819-31C7-4BC5-9100-9D96C8ECB5D8}.AppStore|Any CPU.Deploy.0 = Release|Any CPU
		{F6947819-31C7-4BC5-9100-9D96C8ECB5D8}.AppStore|ARM.ActiveCfg = Release|Any CPU
		{F6947819-31C7-4BC5-9100-9D96C8ECB5D8}.AppStore|iPhone.ActiveCfg = Release|Any CPU
		{F6947819-31C7-4BC5-9100-9D96C8ECB5D8}.AppStore|iPhoneSimulator.ActiveCfg = Release|Any CPU
		{F6947819-31C7-4BC5-9100-9D96C8ECB5D8}.AppStore|Mixed Platforms.ActiveCfg = Release|Any CPU
		{F6947819-31C7-4BC5-9100-9D96C8ECB5D8}.AppStore|Mixed Platforms.Build.0 = Release|Any CPU
		{F6947819-31C7-4BC5-9100-9D96C8ECB5D8}.AppStore|Mixed Platforms.Deploy.0 = Release|Any CPU
		{F6947819-31C7-4BC5-9100-9D96C8ECB5D8}.AppStore|x64.ActiveCfg = Release|Any CPU
		{F6947819-31C7-4BC5-9100-9D96C8ECB5D8}.AppStore|x86.ActiveCfg = Release|Any CPU
		{F6947819-31C7-4BC5-9100-9D96C8ECB5D8}.Debug|Any CPU.ActiveCfg = Debug|Any CPU
		{F6947819-31C7-4BC5-9100-9D96C8ECB5D8}.Debug|Any CPU.Build.0 = Debug|Any CPU
		{F6947819-31C7-4BC5-9100-9D96C8ECB5D8}.Debug|Any CPU.Deploy.0 = Debug|Any CPU
		{F6947819-31C7-4BC5-9100-9D96C8ECB5D8}.Debug|ARM.ActiveCfg = Debug|Any CPU
		{F6947819-31C7-4BC5-9100-9D96C8ECB5D8}.Debug|iPhone.ActiveCfg = Debug|Any CPU
		{F6947819-31C7-4BC5-9100-9D96C8ECB5D8}.Debug|iPhoneSimulator.ActiveCfg = Debug|Any CPU
		{F6947819-31C7-4BC5-9100-9D96C8ECB5D8}.Debug|Mixed Platforms.ActiveCfg = Debug|Any CPU
		{F6947819-31C7-4BC5-9100-9D96C8ECB5D8}.Debug|Mixed Platforms.Build.0 = Debug|Any CPU
		{F6947819-31C7-4BC5-9100-9D96C8ECB5D8}.Debug|Mixed Platforms.Deploy.0 = Debug|Any CPU
		{F6947819-31C7-4BC5-9100-9D96C8ECB5D8}.Debug|x64.ActiveCfg = Debug|Any CPU
		{F6947819-31C7-4BC5-9100-9D96C8ECB5D8}.Debug|x86.ActiveCfg = Debug|Any CPU
		{F6947819-31C7-4BC5-9100-9D96C8ECB5D8}.Release|Any CPU.ActiveCfg = Release|Any CPU
		{F6947819-31C7-4BC5-9100-9D96C8ECB5D8}.Release|Any CPU.Build.0 = Release|Any CPU
		{F6947819-31C7-4BC5-9100-9D96C8ECB5D8}.Release|Any CPU.Deploy.0 = Release|Any CPU
		{F6947819-31C7-4BC5-9100-9D96C8ECB5D8}.Release|ARM.ActiveCfg = Release|Any CPU
		{F6947819-31C7-4BC5-9100-9D96C8ECB5D8}.Release|iPhone.ActiveCfg = Release|Any CPU
		{F6947819-31C7-4BC5-9100-9D96C8ECB5D8}.Release|iPhoneSimulator.ActiveCfg = Release|Any CPU
		{F6947819-31C7-4BC5-9100-9D96C8ECB5D8}.Release|Mixed Platforms.ActiveCfg = Release|Any CPU
		{F6947819-31C7-4BC5-9100-9D96C8ECB5D8}.Release|Mixed Platforms.Build.0 = Release|Any CPU
		{F6947819-31C7-4BC5-9100-9D96C8ECB5D8}.Release|Mixed Platforms.Deploy.0 = Release|Any CPU
		{F6947819-31C7-4BC5-9100-9D96C8ECB5D8}.Release|x64.ActiveCfg = Release|Any CPU
		{F6947819-31C7-4BC5-9100-9D96C8ECB5D8}.Release|x86.ActiveCfg = Release|Any CPU
		{A50AA27A-80CD-41F3-A04C-1388B12C1E36}.Ad-Hoc|Any CPU.ActiveCfg = Ad-Hoc|iPhone
		{A50AA27A-80CD-41F3-A04C-1388B12C1E36}.Ad-Hoc|ARM.ActiveCfg = Ad-Hoc|iPhone
		{A50AA27A-80CD-41F3-A04C-1388B12C1E36}.Ad-Hoc|iPhone.ActiveCfg = Ad-Hoc|iPhone
		{A50AA27A-80CD-41F3-A04C-1388B12C1E36}.Ad-Hoc|iPhone.Build.0 = Ad-Hoc|iPhone
		{A50AA27A-80CD-41F3-A04C-1388B12C1E36}.Ad-Hoc|iPhone.Deploy.0 = Ad-Hoc|iPhone
		{A50AA27A-80CD-41F3-A04C-1388B12C1E36}.Ad-Hoc|iPhoneSimulator.ActiveCfg = Ad-Hoc|iPhoneSimulator
		{A50AA27A-80CD-41F3-A04C-1388B12C1E36}.Ad-Hoc|iPhoneSimulator.Build.0 = Ad-Hoc|iPhoneSimulator
		{A50AA27A-80CD-41F3-A04C-1388B12C1E36}.Ad-Hoc|iPhoneSimulator.Deploy.0 = Ad-Hoc|iPhoneSimulator
		{A50AA27A-80CD-41F3-A04C-1388B12C1E36}.Ad-Hoc|Mixed Platforms.ActiveCfg = Ad-Hoc|iPhone
		{A50AA27A-80CD-41F3-A04C-1388B12C1E36}.Ad-Hoc|Mixed Platforms.Build.0 = Ad-Hoc|iPhone
		{A50AA27A-80CD-41F3-A04C-1388B12C1E36}.Ad-Hoc|Mixed Platforms.Deploy.0 = Ad-Hoc|iPhone
		{A50AA27A-80CD-41F3-A04C-1388B12C1E36}.Ad-Hoc|x64.ActiveCfg = Ad-Hoc|iPhone
		{A50AA27A-80CD-41F3-A04C-1388B12C1E36}.Ad-Hoc|x86.ActiveCfg = Ad-Hoc|iPhone
		{A50AA27A-80CD-41F3-A04C-1388B12C1E36}.AppStore|Any CPU.ActiveCfg = AppStore|iPhone
		{A50AA27A-80CD-41F3-A04C-1388B12C1E36}.AppStore|ARM.ActiveCfg = AppStore|iPhone
		{A50AA27A-80CD-41F3-A04C-1388B12C1E36}.AppStore|iPhone.ActiveCfg = AppStore|iPhone
		{A50AA27A-80CD-41F3-A04C-1388B12C1E36}.AppStore|iPhone.Build.0 = AppStore|iPhone
		{A50AA27A-80CD-41F3-A04C-1388B12C1E36}.AppStore|iPhone.Deploy.0 = AppStore|iPhone
		{A50AA27A-80CD-41F3-A04C-1388B12C1E36}.AppStore|iPhoneSimulator.ActiveCfg = AppStore|iPhoneSimulator
		{A50AA27A-80CD-41F3-A04C-1388B12C1E36}.AppStore|iPhoneSimulator.Build.0 = AppStore|iPhoneSimulator
		{A50AA27A-80CD-41F3-A04C-1388B12C1E36}.AppStore|iPhoneSimulator.Deploy.0 = AppStore|iPhoneSimulator
		{A50AA27A-80CD-41F3-A04C-1388B12C1E36}.AppStore|Mixed Platforms.ActiveCfg = AppStore|iPhone
		{A50AA27A-80CD-41F3-A04C-1388B12C1E36}.AppStore|Mixed Platforms.Build.0 = AppStore|iPhone
		{A50AA27A-80CD-41F3-A04C-1388B12C1E36}.AppStore|Mixed Platforms.Deploy.0 = AppStore|iPhone
		{A50AA27A-80CD-41F3-A04C-1388B12C1E36}.AppStore|x64.ActiveCfg = AppStore|iPhone
		{A50AA27A-80CD-41F3-A04C-1388B12C1E36}.AppStore|x86.ActiveCfg = AppStore|iPhone
		{A50AA27A-80CD-41F3-A04C-1388B12C1E36}.Debug|Any CPU.ActiveCfg = Debug|iPhone
		{A50AA27A-80CD-41F3-A04C-1388B12C1E36}.Debug|ARM.ActiveCfg = Debug|iPhone
		{A50AA27A-80CD-41F3-A04C-1388B12C1E36}.Debug|iPhone.ActiveCfg = Debug|iPhone
		{A50AA27A-80CD-41F3-A04C-1388B12C1E36}.Debug|iPhone.Build.0 = Debug|iPhone
		{A50AA27A-80CD-41F3-A04C-1388B12C1E36}.Debug|iPhone.Deploy.0 = Debug|iPhone
		{A50AA27A-80CD-41F3-A04C-1388B12C1E36}.Debug|iPhoneSimulator.ActiveCfg = Debug|iPhoneSimulator
		{A50AA27A-80CD-41F3-A04C-1388B12C1E36}.Debug|iPhoneSimulator.Build.0 = Debug|iPhoneSimulator
		{A50AA27A-80CD-41F3-A04C-1388B12C1E36}.Debug|iPhoneSimulator.Deploy.0 = Debug|iPhoneSimulator
		{A50AA27A-80CD-41F3-A04C-1388B12C1E36}.Debug|Mixed Platforms.ActiveCfg = Debug|iPhone
		{A50AA27A-80CD-41F3-A04C-1388B12C1E36}.Debug|Mixed Platforms.Build.0 = Debug|iPhone
		{A50AA27A-80CD-41F3-A04C-1388B12C1E36}.Debug|Mixed Platforms.Deploy.0 = Debug|iPhone
		{A50AA27A-80CD-41F3-A04C-1388B12C1E36}.Debug|x64.ActiveCfg = Debug|iPhone
		{A50AA27A-80CD-41F3-A04C-1388B12C1E36}.Debug|x86.ActiveCfg = Debug|iPhone
		{A50AA27A-80CD-41F3-A04C-1388B12C1E36}.Release|Any CPU.ActiveCfg = Release|iPhone
		{A50AA27A-80CD-41F3-A04C-1388B12C1E36}.Release|ARM.ActiveCfg = Release|iPhone
		{A50AA27A-80CD-41F3-A04C-1388B12C1E36}.Release|iPhone.ActiveCfg = Release|iPhone
		{A50AA27A-80CD-41F3-A04C-1388B12C1E36}.Release|iPhone.Build.0 = Release|iPhone
		{A50AA27A-80CD-41F3-A04C-1388B12C1E36}.Release|iPhone.Deploy.0 = Release|iPhone
		{A50AA27A-80CD-41F3-A04C-1388B12C1E36}.Release|iPhoneSimulator.ActiveCfg = Release|iPhoneSimulator
		{A50AA27A-80CD-41F3-A04C-1388B12C1E36}.Release|iPhoneSimulator.Build.0 = Release|iPhoneSimulator
		{A50AA27A-80CD-41F3-A04C-1388B12C1E36}.Release|iPhoneSimulator.Deploy.0 = Release|iPhoneSimulator
		{A50AA27A-80CD-41F3-A04C-1388B12C1E36}.Release|Mixed Platforms.ActiveCfg = Release|iPhone
		{A50AA27A-80CD-41F3-A04C-1388B12C1E36}.Release|Mixed Platforms.Build.0 = Release|iPhone
		{A50AA27A-80CD-41F3-A04C-1388B12C1E36}.Release|Mixed Platforms.Deploy.0 = Release|iPhone
		{A50AA27A-80CD-41F3-A04C-1388B12C1E36}.Release|x64.ActiveCfg = Release|iPhone
		{A50AA27A-80CD-41F3-A04C-1388B12C1E36}.Release|x86.ActiveCfg = Release|iPhone
	EndGlobalSection
	GlobalSection(SolutionProperties) = preSolution
		HideSolutionNode = FALSE
	EndGlobalSection
EndGlobal
